
Microsoft Visual Studio Solution File, Format Version 12.00
# Visual Studio Version 17
VisualStudioVersion = 17.5.33516.290
MinimumVisualStudioVersion = 10.0.40219.1
Project("{FAE04EC0-301F-11D3-BF4B-00C04F79EFBC}") = "ConsoleApp1", "ConsoleApp1.csproj", "{D224E584-0517-4653-9B16-2A5A0804145B}"
EndProject
Global
	GlobalSection(SolutionConfigurationPlatforms) = preSolution
		Debug|Any CPU = Debug|Any CPU
		Release|Any CPU = Release|Any CPU
	EndGlobalSection
	GlobalSection(ProjectConfigurationPlatforms) = postSolution
		{D224E584-0517-4653-9B16-2A5A0804145B}.Debug|Any CPU.ActiveCfg = Debug|Any CPU
		{D224E584-0517-4653-9B16-2A5A0804145B}.Debug|Any CPU.Build.0 = Debug|Any CPU
		{D224E584-0517-4653-9B16-2A5A0804145B}.Release|Any CPU.ActiveCfg = Release|Any CPU
		{D224E584-0517-4653-9B16-2A5A0804145B}.Release|Any CPU.Build.0 = Release|Any CPU
	EndGlobalSection
	GlobalSection(SolutionProperties) = preSolution
		HideSolutionNode = FALSE
	EndGlobalSection
	GlobalSection(ExtensibilityGlobals) = postSolution
		SolutionGuid = {114FD53F-7A9C-464B-8577-5D4E40EE7CC7}
	EndGlobalSection
EndGlobal
